// !$*UTF8*$!
{
	archiveVersion = 1;
	classes = {
	};
	objectVersion = 50;
	objects = {

/* Begin PBXBuildFile section */
		11BC0F9C23D384500020DAE9 /* AppDelegate.swift in Sources */ = {isa = PBXBuildFile; fileRef = 11BC0F9B23D384500020DAE9 /* AppDelegate.swift */; };
		11BC0F9E23D384500020DAE9 /* SceneDelegate.swift in Sources */ = {isa = PBXBuildFile; fileRef = 11BC0F9D23D384500020DAE9 /* SceneDelegate.swift */; };
		11BC0FA023D384500020DAE9 /* ContentView.swift in Sources */ = {isa = PBXBuildFile; fileRef = 11BC0F9F23D384500020DAE9 /* ContentView.swift */; };
		11BC0FA223D384520020DAE9 /* Assets.xcassets in Resources */ = {isa = PBXBuildFile; fileRef = 11BC0FA123D384520020DAE9 /* Assets.xcassets */; };
		11BC0FA523D384520020DAE9 /* Preview Assets.xcassets in Resources */ = {isa = PBXBuildFile; fileRef = 11BC0FA423D384520020DAE9 /* Preview Assets.xcassets */; };
		11BC0FA823D384520020DAE9 /* LaunchScreen.storyboard in Resources */ = {isa = PBXBuildFile; fileRef = 11BC0FA623D384520020DAE9 /* LaunchScreen.storyboard */; };
		231C7C5423D3EF8D00C1A660 /* BobaView.swift in Sources */ = {isa = PBXBuildFile; fileRef = 231C7C5323D3EF8D00C1A660 /* BobaView.swift */; };
		231C7C5723D3F05B00C1A660 /* BobaViewController.swift in Sources */ = {isa = PBXBuildFile; fileRef = 231C7C5623D3F05B00C1A660 /* BobaViewController.swift */; };
		231C7C5A23D3F3E900C1A660 /* SelectionView.swift in Sources */ = {isa = PBXBuildFile; fileRef = 231C7C5923D3F3E800C1A660 /* SelectionView.swift */; };
		231C7C5C23D3F3F300C1A660 /* WelcomeScreen.swift in Sources */ = {isa = PBXBuildFile; fileRef = 231C7C5B23D3F3F300C1A660 /* WelcomeScreen.swift */; };
		231C7C5E23D3F40A00C1A660 /* DrinkView.swift in Sources */ = {isa = PBXBuildFile; fileRef = 231C7C5D23D3F40A00C1A660 /* DrinkView.swift */; };
		231C7C6023D3F45400C1A660 /* PreferencesView.swift in Sources */ = {isa = PBXBuildFile; fileRef = 231C7C5F23D3F45400C1A660 /* PreferencesView.swift */; };
		231C7C6223D3FC6D00C1A660 /* blankBobaImage.swift in Sources */ = {isa = PBXBuildFile; fileRef = 231C7C6123D3FC6D00C1A660 /* blankBobaImage.swift */; };
		231C7C6423D407F900C1A660 /* bobaOutline.swift in Sources */ = {isa = PBXBuildFile; fileRef = 231C7C6323D407F900C1A660 /* bobaOutline.swift */; };
		231C7C6623D4327100C1A660 /* toppingView.swift in Sources */ = {isa = PBXBuildFile; fileRef = 231C7C6523D4327100C1A660 /* toppingView.swift */; };
/* End PBXBuildFile section */

/* Begin PBXFileReference section */
		11BC0F9823D384500020DAE9 /* bobaGenerator.app */ = {isa = PBXFileReference; explicitFileType = wrapper.application; includeInIndex = 0; path = bobaGenerator.app; sourceTree = BUILT_PRODUCTS_DIR; };
		11BC0F9B23D384500020DAE9 /* AppDelegate.swift */ = {isa = PBXFileReference; lastKnownFileType = sourcecode.swift; path = AppDelegate.swift; sourceTree = "<group>"; };
		11BC0F9D23D384500020DAE9 /* SceneDelegate.swift */ = {isa = PBXFileReference; lastKnownFileType = sourcecode.swift; path = SceneDelegate.swift; sourceTree = "<group>"; };
		11BC0F9F23D384500020DAE9 /* ContentView.swift */ = {isa = PBXFileReference; lastKnownFileType = sourcecode.swift; path = ContentView.swift; sourceTree = "<group>"; };
		11BC0FA123D384520020DAE9 /* Assets.xcassets */ = {isa = PBXFileReference; lastKnownFileType = folder.assetcatalog; path = Assets.xcassets; sourceTree = "<group>"; };
		11BC0FA423D384520020DAE9 /* Preview Assets.xcassets */ = {isa = PBXFileReference; lastKnownFileType = folder.assetcatalog; path = "Preview Assets.xcassets"; sourceTree = "<group>"; };
		11BC0FA723D384520020DAE9 /* Base */ = {isa = PBXFileReference; lastKnownFileType = file.storyboard; name = Base; path = Base.lproj/LaunchScreen.storyboard; sourceTree = "<group>"; };
		11BC0FA923D384520020DAE9 /* Info.plist */ = {isa = PBXFileReference; lastKnownFileType = text.plist.xml; path = Info.plist; sourceTree = "<group>"; };
		231C7C5323D3EF8D00C1A660 /* BobaView.swift */ = {isa = PBXFileReference; lastKnownFileType = sourcecode.swift; path = BobaView.swift; sourceTree = "<group>"; };
		231C7C5623D3F05B00C1A660 /* BobaViewController.swift */ = {isa = PBXFileReference; lastKnownFileType = sourcecode.swift; path = BobaViewController.swift; sourceTree = "<group>"; };
		231C7C5923D3F3E800C1A660 /* SelectionView.swift */ = {isa = PBXFileReference; fileEncoding = 4; lastKnownFileType = sourcecode.swift; path = SelectionView.swift; sourceTree = "<group>"; };
		231C7C5B23D3F3F300C1A660 /* WelcomeScreen.swift */ = {isa = PBXFileReference; fileEncoding = 4; lastKnownFileType = sourcecode.swift; path = WelcomeScreen.swift; sourceTree = "<group>"; };
		231C7C5D23D3F40A00C1A660 /* DrinkView.swift */ = {isa = PBXFileReference; fileEncoding = 4; lastKnownFileType = sourcecode.swift; path = DrinkView.swift; sourceTree = "<group>"; };
		231C7C5F23D3F45400C1A660 /* PreferencesView.swift */ = {isa = PBXFileReference; fileEncoding = 4; lastKnownFileType = sourcecode.swift; path = PreferencesView.swift; sourceTree = "<group>"; };
		231C7C6123D3FC6D00C1A660 /* blankBobaImage.swift */ = {isa = PBXFileReference; lastKnownFileType = sourcecode.swift; path = blankBobaImage.swift; sourceTree = "<group>"; };
		231C7C6323D407F900C1A660 /* bobaOutline.swift */ = {isa = PBXFileReference; lastKnownFileType = sourcecode.swift; path = bobaOutline.swift; sourceTree = "<group>"; };
		231C7C6523D4327100C1A660 /* toppingView.swift */ = {isa = PBXFileReference; lastKnownFileType = sourcecode.swift; path = toppingView.swift; sourceTree = "<group>"; };
/* End PBXFileReference section */

/* Begin PBXFrameworksBuildPhase section */
		11BC0F9523D384500020DAE9 /* Frameworks */ = {
			isa = PBXFrameworksBuildPhase;
			buildActionMask = 2147483647;
			files = (
			);
			runOnlyForDeploymentPostprocessing = 0;
		};
/* End PBXFrameworksBuildPhase section */

/* Begin PBXGroup section */
		11BC0F8F23D384500020DAE9 = {
			isa = PBXGroup;
			children = (
				11BC0F9A23D384500020DAE9 /* bobaGenerator */,
				11BC0F9923D384500020DAE9 /* Products */,
			);
			sourceTree = "<group>";
		};
		11BC0F9923D384500020DAE9 /* Products */ = {
			isa = PBXGroup;
			children = (
				11BC0F9823D384500020DAE9 /* bobaGenerator.app */,
			);
			name = Products;
			sourceTree = "<group>";
		};
		11BC0F9A23D384500020DAE9 /* bobaGenerator */ = {
			isa = PBXGroup;
			children = (
				231C7C5823D3F1EA00C1A660 /* Resources */,
				231C7C5523D3F03700C1A660 /* View Controllers */,
				11BC0F9B23D384500020DAE9 /* AppDelegate.swift */,
				11BC0F9D23D384500020DAE9 /* SceneDelegate.swift */,
				231C7C6323D407F900C1A660 /* bobaOutline.swift */,
				231C7C5923D3F3E800C1A660 /* SelectionView.swift */,
				231C7C6523D4327100C1A660 /* toppingView.swift */,
				231C7C5D23D3F40A00C1A660 /* DrinkView.swift */,
				231C7C6123D3FC6D00C1A660 /* blankBobaImage.swift */,
				231C7C5F23D3F45400C1A660 /* PreferencesView.swift */,
				231C7C5B23D3F3F300C1A660 /* WelcomeScreen.swift */,
				11BC0F9F23D384500020DAE9 /* ContentView.swift */,
				11BC0FA623D384520020DAE9 /* LaunchScreen.storyboard */,
				11BC0FA923D384520020DAE9 /* Info.plist */,
				11BC0FA323D384520020DAE9 /* Preview Content */,
				231C7C5323D3EF8D00C1A660 /* BobaView.swift */,
			);
			path = bobaGenerator;
			sourceTree = "<group>";
		};
		11BC0FA323D384520020DAE9 /* Preview Content */ = {
			isa = PBXGroup;
			children = (
				11BC0FA423D384520020DAE9 /* Preview Assets.xcassets */,
			);
			path = "Preview Content";
			sourceTree = "<group>";
		};
		231C7C5523D3F03700C1A660 /* View Controllers */ = {
			isa = PBXGroup;
			children = (
				231C7C5623D3F05B00C1A660 /* BobaViewController.swift */,
			);
			path = "View Controllers";
			sourceTree = "<group>";
		};
		231C7C5823D3F1EA00C1A660 /* Resources */ = {
			isa = PBXGroup;
			children = (
				11BC0FA123D384520020DAE9 /* Assets.xcassets */,
			);
			path = Resources;
			sourceTree = "<group>";
		};
/* End PBXGroup section */

/* Begin PBXNativeTarget section */
		11BC0F9723D384500020DAE9 /* bobaGenerator */ = {
			isa = PBXNativeTarget;
			buildConfigurationList = 11BC0FAC23D384520020DAE9 /* Build configuration list for PBXNativeTarget "bobaGenerator" */;
			buildPhases = (
				11BC0F9423D384500020DAE9 /* Sources */,
				11BC0F9523D384500020DAE9 /* Frameworks */,
				11BC0F9623D384500020DAE9 /* Resources */,
			);
			buildRules = (
			);
			dependencies = (
			);
			name = bobaGenerator;
			productName = bobaGenerator;
			productReference = 11BC0F9823D384500020DAE9 /* bobaGenerator.app */;
			productType = "com.apple.product-type.application";
		};
/* End PBXNativeTarget section */

/* Begin PBXProject section */
		11BC0F9023D384500020DAE9 /* Project object */ = {
			isa = PBXProject;
			attributes = {
				LastSwiftUpdateCheck = 1130;
				LastUpgradeCheck = 1130;
				ORGANIZATIONNAME = "Maggie Lim";
				TargetAttributes = {
					11BC0F9723D384500020DAE9 = {
						CreatedOnToolsVersion = 11.3.1;
					};
				};
			};
			buildConfigurationList = 11BC0F9323D384500020DAE9 /* Build configuration list for PBXProject "bobaGenerator" */;
			compatibilityVersion = "Xcode 9.3";
			developmentRegion = en;
			hasScannedForEncodings = 0;
			knownRegions = (
				en,
				Base,
			);
			mainGroup = 11BC0F8F23D384500020DAE9;
			productRefGroup = 11BC0F9923D384500020DAE9 /* Products */;
			projectDirPath = "";
			projectRoot = "";
			targets = (
				11BC0F9723D384500020DAE9 /* bobaGenerator */,
			);
		};
/* End PBXProject section */

/* Begin PBXResourcesBuildPhase section */
		11BC0F9623D384500020DAE9 /* Resources */ = {
			isa = PBXResourcesBuildPhase;
			buildActionMask = 2147483647;
			files = (
				11BC0FA823D384520020DAE9 /* LaunchScreen.storyboard in Resources */,
				11BC0FA523D384520020DAE9 /* Preview Assets.xcassets in Resources */,
				11BC0FA223D384520020DAE9 /* Assets.xcassets in Resources */,
			);
			runOnlyForDeploymentPostprocessing = 0;
		};
/* End PBXResourcesBuildPhase section */

/* Begin PBXSourcesBuildPhase section */
		11BC0F9423D384500020DAE9 /* Sources */ = {
			isa = PBXSourcesBuildPhase;
			buildActionMask = 2147483647;
			files = (
				231C7C6223D3FC6D00C1A660 /* blankBobaImage.swift in Sources */,
				231C7C6423D407F900C1A660 /* bobaOutline.swift in Sources */,
				11BC0F9C23D384500020DAE9 /* AppDelegate.swift in Sources */,
				231C7C5723D3F05B00C1A660 /* BobaViewController.swift in Sources */,
				231C7C6623D4327100C1A660 /* toppingView.swift in Sources */,
				11BC0F9E23D384500020DAE9 /* SceneDelegate.swift in Sources */,
				231C7C5423D3EF8D00C1A660 /* BobaView.swift in Sources */,
				231C7C6023D3F45400C1A660 /* PreferencesView.swift in Sources */,
				231C7C5C23D3F3F300C1A660 /* WelcomeScreen.swift in Sources */,
				231C7C5E23D3F40A00C1A660 /* DrinkView.swift in Sources */,
				11BC0FA023D384500020DAE9 /* ContentView.swift in Sources */,
				231C7C5A23D3F3E900C1A660 /* SelectionView.swift in Sources */,
			);
			runOnlyForDeploymentPostprocessing = 0;
		};
/* End PBXSourcesBuildPhase section */

/* Begin PBXVariantGroup section */
		11BC0FA623D384520020DAE9 /* LaunchScreen.storyboard */ = {
			isa = PBXVariantGroup;
			children = (
				11BC0FA723D384520020DAE9 /* Base */,
			);
			name = LaunchScreen.storyboard;
			sourceTree = "<group>";
		};
/* End PBXVariantGroup section */

/* Begin XCBuildConfiguration section */
		11BC0FAA23D384520020DAE9 /* Debug */ = {
			isa = XCBuildConfiguration;
			buildSettings = {
				ALWAYS_SEARCH_USER_PATHS = NO;
				CLANG_ANALYZER_NONNULL = YES;
				CLANG_ANALYZER_NUMBER_OBJECT_CONVERSION = YES_AGGRESSIVE;
				CLANG_CXX_LANGUAGE_STANDARD = "gnu++14";
				CLANG_CXX_LIBRARY = "libc++";
				CLANG_ENABLE_MODULES = YES;
				CLANG_ENABLE_OBJC_ARC = YES;
				CLANG_ENABLE_OBJC_WEAK = YES;
				CLANG_WARN_BLOCK_CAPTURE_AUTORELEASING = YES;
				CLANG_WARN_BOOL_CONVERSION = YES;
				CLANG_WARN_COMMA = YES;
				CLANG_WARN_CONSTANT_CONVERSION = YES;
				CLANG_WARN_DEPRECATED_OBJC_IMPLEMENTATIONS = YES;
				CLANG_WARN_DIRECT_OBJC_ISA_USAGE = YES_ERROR;
				CLANG_WARN_DOCUMENTATION_COMMENTS = YES;
				CLANG_WARN_EMPTY_BODY = YES;
				CLANG_WARN_ENUM_CONVERSION = YES;
				CLANG_WARN_INFINITE_RECURSION = YES;
				CLANG_WARN_INT_CONVERSION = YES;
				CLANG_WARN_NON_LITERAL_NULL_CONVERSION = YES;
				CLANG_WARN_OBJC_IMPLICIT_RETAIN_SELF = YES;
				CLANG_WARN_OBJC_LITERAL_CONVERSION = YES;
				CLANG_WARN_OBJC_ROOT_CLASS = YES_ERROR;
				CLANG_WARN_RANGE_LOOP_ANALYSIS = YES;
				CLANG_WARN_STRICT_PROTOTYPES = YES;
				CLANG_WARN_SUSPICIOUS_MOVE = YES;
				CLANG_WARN_UNGUARDED_AVAILABILITY = YES_AGGRESSIVE;
				CLANG_WARN_UNREACHABLE_CODE = YES;
				CLANG_WARN__DUPLICATE_METHOD_MATCH = YES;
				COPY_PHASE_STRIP = NO;
				DEBUG_INFORMATION_FORMAT = dwarf;
				ENABLE_STRICT_OBJC_MSGSEND = YES;
				ENABLE_TESTABILITY = YES;
				GCC_C_LANGUAGE_STANDARD = gnu11;
				GCC_DYNAMIC_NO_PIC = NO;
				GCC_NO_COMMON_BLOCKS = YES;
				GCC_OPTIMIZATION_LEVEL = 0;
				GCC_PREPROCESSOR_DEFINITIONS = (
					"DEBUG=1",
					"$(inherited)",
				);
				GCC_WARN_64_TO_32_BIT_CONVERSION = YES;
				GCC_WARN_ABOUT_RETURN_TYPE = YES_ERROR;
				GCC_WARN_UNDECLARED_SELECTOR = YES;
				GCC_WARN_UNINITIALIZED_AUTOS = YES_AGGRESSIVE;
				GCC_WARN_UNUSED_FUNCTION = YES;
				GCC_WARN_UNUSED_VARIABLE = YES;
				IPHONEOS_DEPLOYMENT_TARGET = 13.2;
				MTL_ENABLE_DEBUG_INFO = INCLUDE_SOURCE;
				MTL_FAST_MATH = YES;
				ONLY_ACTIVE_ARCH = YES;
				SDKROOT = iphoneos;
				SWIFT_ACTIVE_COMPILATION_CONDITIONS = DEBUG;
				SWIFT_OPTIMIZATION_LEVEL = "-Onone";
			};
			name = Debug;
		};
		11BC0FAB23D384520020DAE9 /* Release */ = {
			isa = XCBuildConfiguration;
			buildSettings = {
				ALWAYS_SEARCH_USER_PATHS = NO;
				CLANG_ANALYZER_NONNULL = YES;
				CLANG_ANALYZER_NUMBER_OBJECT_CONVERSION = YES_AGGRESSIVE;
				CLANG_CXX_LANGUAGE_STANDARD = "gnu++14";
				CLANG_CXX_LIBRARY = "libc++";
				CLANG_ENABLE_MODULES = YES;
				CLANG_ENABLE_OBJC_ARC = YES;
				CLANG_ENABLE_OBJC_WEAK = YES;
				CLANG_WARN_BLOCK_CAPTURE_AUTORELEASING = YES;
				CLANG_WARN_BOOL_CONVERSION = YES;
				CLANG_WARN_COMMA = YES;
				CLANG_WARN_CONSTANT_CONVERSION = YES;
				CLANG_WARN_DEPRECATED_OBJC_IMPLEMENTATIONS = YES;
				CLANG_WARN_DIRECT_OBJC_ISA_USAGE = YES_ERROR;
				CLANG_WARN_DOCUMENTATION_COMMENTS = YES;
				CLANG_WARN_EMPTY_BODY = YES;
				CLANG_WARN_ENUM_CONVERSION = YES;
				CLANG_WARN_INFINITE_RECURSION = YES;
				CLANG_WARN_INT_CONVERSION = YES;
				CLANG_WARN_NON_LITERAL_NULL_CONVERSION = YES;
				CLANG_WARN_OBJC_IMPLICIT_RETAIN_SELF = YES;
				CLANG_WARN_OBJC_LITERAL_CONVERSION = YES;
				CLANG_WARN_OBJC_ROOT_CLASS = YES_ERROR;
				CLANG_WARN_RANGE_LOOP_ANALYSIS = YES;
				CLANG_WARN_STRICT_PROTOTYPES = YES;
				CLANG_WARN_SUSPICIOUS_MOVE = YES;
				CLANG_WARN_UNGUARDED_AVAILABILITY = YES_AGGRESSIVE;
				CLANG_WARN_UNREACHABLE_CODE = YES;
				CLANG_WARN__DUPLICATE_METHOD_MATCH = YES;
				COPY_PHASE_STRIP = NO;
				DEBUG_INFORMATION_FORMAT = "dwarf-with-dsym";
				ENABLE_NS_ASSERTIONS = NO;
				ENABLE_STRICT_OBJC_MSGSEND = YES;
				GCC_C_LANGUAGE_STANDARD = gnu11;
				GCC_NO_COMMON_BLOCKS = YES;
				GCC_WARN_64_TO_32_BIT_CONVERSION = YES;
				GCC_WARN_ABOUT_RETURN_TYPE = YES_ERROR;
				GCC_WARN_UNDECLARED_SELECTOR = YES;
				GCC_WARN_UNINITIALIZED_AUTOS = YES_AGGRESSIVE;
				GCC_WARN_UNUSED_FUNCTION = YES;
				GCC_WARN_UNUSED_VARIABLE = YES;
				IPHONEOS_DEPLOYMENT_TARGET = 13.2;
				MTL_ENABLE_DEBUG_INFO = NO;
				MTL_FAST_MATH = YES;
				SDKROOT = iphoneos;
				SWIFT_COMPILATION_MODE = wholemodule;
				SWIFT_OPTIMIZATION_LEVEL = "-O";
				VALIDATE_PRODUCT = YES;
			};
			name = Release;
		};
		11BC0FAD23D384520020DAE9 /* Debug */ = {
			isa = XCBuildConfiguration;
			buildSettings = {
				ASSETCATALOG_COMPILER_APPICON_NAME = AppIcon;
				CODE_SIGN_STYLE = Automatic;
				DEVELOPMENT_ASSET_PATHS = "\"bobaGenerator/Preview Content\"";
				ENABLE_PREVIEWS = YES;
				INFOPLIST_FILE = bobaGenerator/Info.plist;
				LD_RUNPATH_SEARCH_PATHS = (
					"$(inherited)",
					"@executable_path/Frameworks",
				);
				PRODUCT_BUNDLE_IDENTIFIER = maggiefoo.bobaGenerator;
				PRODUCT_NAME = "$(TARGET_NAME)";
				SWIFT_VERSION = 5.0;
				TARGETED_DEVICE_FAMILY = "1,2";
			};
			name = Debug;
		};
		11BC0FAE23D384520020DAE9 /* Release */ = {
			isa = XCBuildConfiguration;
			buildSettings = {
				ASSETCATALOG_COMPILER_APPICON_NAME = AppIcon;
				CODE_SIGN_STYLE = Automatic;
				DEVELOPMENT_ASSET_PATHS = "\"bobaGenerator/Preview Content\"";
				ENABLE_PREVIEWS = YES;
				INFOPLIST_FILE = bobaGenerator/Info.plist;
				LD_RUNPATH_SEARCH_PATHS = (
					"$(inherited)",
					"@executable_path/Frameworks",
				);
				PRODUCT_BUNDLE_IDENTIFIER = maggiefoo.bobaGenerator;
				PRODUCT_NAME = "$(TARGET_NAME)";
				SWIFT_VERSION = 5.0;
				TARGETED_DEVICE_FAMILY = "1,2";
			};
			name = Release;
		};
/* End XCBuildConfiguration section */

/* Begin XCConfigurationList section */
		11BC0F9323D384500020DAE9 /* Build configuration list for PBXProject "bobaGenerator" */ = {
			isa = XCConfigurationList;
			buildConfigurations = (
				11BC0FAA23D384520020DAE9 /* Debug */,
				11BC0FAB23D384520020DAE9 /* Release */,
			);
			defaultConfigurationIsVisible = 0;
			defaultConfigurationName = Release;
		};
		11BC0FAC23D384520020DAE9 /* Build configuration list for PBXNativeTarget "bobaGenerator" */ = {
			isa = XCConfigurationList;
			buildConfigurations = (
				11BC0FAD23D384520020DAE9 /* Debug */,
				11BC0FAE23D384520020DAE9 /* Release */,
			);
			defaultConfigurationIsVisible = 0;
			defaultConfigurationName = Release;
		};
/* End XCConfigurationList section */
	};
	rootObject = 11BC0F9023D384500020DAE9 /* Project object */;
}
